
Microsoft Visual Studio Solution File, Format Version 12.00
# Visual Studio Version 17
VisualStudioVersion = 17.4.33403.182
MinimumVisualStudioVersion = 10.0.40219.1
Project("{2150E333-8FDC-42A3-9474-1A3956D46DE8}") = "src", "src", "{13226F79-8C6D-4546-8CB5-BFC0785CD8CE}"
EndProject
Project("{2150E333-8FDC-42A3-9474-1A3956D46DE8}") = "applications", "applications", "{865ED72C-F077-41DF-98B9-8DDAD594945E}"
EndProject
Project("{2150E333-8FDC-42A3-9474-1A3956D46DE8}") = "test", "test", "{02D8A083-85AF-45CC-A8EA-50FB7AD66521}"
EndProject
Project("{2150E333-8FDC-42A3-9474-1A3956D46DE8}") = "BoundedContext", "BoundedContext", "{70C9A627-6682-4DFD-8FB0-10A0078093BF}"
EndProject
Project("{2150E333-8FDC-42A3-9474-1A3956D46DE8}") = "Infrastructure", "Infrastructure", "{38B8C88D-86C3-4CC5-A367-846AC42C57D2}"
EndProject
Project("{9A19103F-16F7-4668-BE54-9A1E7A4F7556}") = "Investors.Client", "Investors.Client\Investors.Client.csproj", "{30A15A30-21D6-4742-B88B-1E54B31C963F}"
EndProject
Project("{9A19103F-16F7-4668-BE54-9A1E7A4F7556}") = "Investors.Shared", "Investors.Shared\Investors.Shared.csproj", "{BB7D15A1-BE46-4B55-B3DC-68A978AF15A1}"
EndProject
Project("{2150E333-8FDC-42A3-9474-1A3956D46DE8}") = "BoundedContext", "BoundedContext", "{DC9812A2-4F3F-40B5-9A6E-0033EA4BE2F3}"
EndProject
Project("{9A19103F-16F7-4668-BE54-9A1E7A4F7556}") = "Investors.Client.NU.Tests", "Investors.Client.NU.Tests\Investors.Client.NU.Tests.csproj", "{090100EA-921F-4A90-A556-D7D1D120AD3F}"
EndProject
Project("{9A19103F-16F7-4668-BE54-9A1E7A4F7556}") = "Investors.LoggerService", "Investors.LoggerService\Investors.LoggerService.csproj", "{DB2268CF-2EC4-4F91-9034-B35B751F147C}"
EndProject
Project("{2150E333-8FDC-42A3-9474-1A3956D46DE8}") = "Presentation", "Presentation", "{C3FC2431-1C98-44F0-AC4B-7576833810BB}"
EndProject
Project("{9A19103F-16F7-4668-BE54-9A1E7A4F7556}") = "Investors.Client.Presentation", "Investors.Client.Presentation\Investors.Client.Presentation.csproj", "{1946E87C-6F71-49D9-B37C-4FE255FDE255}"
EndProject
Project("{9A19103F-16F7-4668-BE54-9A1E7A4F7556}") = "Investors.Repository.EF", "Investors.Repository.EF\Investors.Repository.EF.csproj", "{C57A27D9-247C-4F55-811E-9342036D2D65}"
EndProject
Project("{9A19103F-16F7-4668-BE54-9A1E7A4F7556}") = "Investors.Provider.Firebase", "Investors.Provider.Firebase\Investors.Provider.Firebase.csproj", "{E6704A4D-97C5-484D-8260-830729024711}"
EndProject
Project("{9A19103F-16F7-4668-BE54-9A1E7A4F7556}") = "Investors.Satcom", "Investors.Satcom\Investors.Satcom.csproj", "{24FD8B82-6C8D-4F7E-A31E-343EDC68C889}"
EndProject
Project("{9A19103F-16F7-4668-BE54-9A1E7A4F7556}") = "Investors.Client.Api", "Investors.Client.Api\Investors.Client.Api.csproj", "{53A260B4-BE3A-49DA-92BE-195089E7045B}"
EndProject
Project("{FAE04EC0-301F-11D3-BF4B-00C04F79EFBC}") = "Investors.Azure.Identity", "Investors.Azure.Identity\Investors.Azure.Identity.csproj", "{18C8F362-CF6B-45E3-B7C5-183989C1C145}"
EndProject
Project("{FAE04EC0-301F-11D3-BF4B-00C04F79EFBC}") = "Investors.OneSignal", "Investors.OneSignal\Investors.OneSignal.csproj", "{DFF16E99-1717-4EBB-99C1-67B9B2C1BE22}"
EndProject
Project("{FAE04EC0-301F-11D3-BF4B-00C04F79EFBC}") = "Investors.Administrator.Api", "Investors.Administrator.Api\Investors.Administrator.Api.csproj", "{9A37E7B1-51F1-41C8-9982-7CE791710391}"
EndProject
Project("{FAE04EC0-301F-11D3-BF4B-00C04F79EFBC}") = "Investors.Administrator.Presentation", "Investors.Administrator.Presentation\Investors.Administrator.Presentation.csproj", "{26A395A7-0E2A-499F-BB9F-D139D2206C50}"
EndProject
Project("{FAE04EC0-301F-11D3-BF4B-00C04F79EFBC}") = "Investors.Shared.Presentation", "Investors.Shared.Presentation\Investors.Shared.Presentation.csproj", "{46A5EA3F-8AA8-4380-B5FE-65E878DF5CAD}"
EndProject
Project("{FAE04EC0-301F-11D3-BF4B-00C04F79EFBC}") = "Investors.Administrator", "Investors.Administrator\Investors.Administrator.csproj", "{3851C677-A4BD-4993-9A60-460B110C530F}"
EndProject
Project("{FAE04EC0-301F-11D3-BF4B-00C04F79EFBC}") = "Investors.Kernel.Shared", "Investors.Kernel.Shared\Investors.Kernel.Shared.csproj", "{CCED1145-363C-445C-A02A-373E963A6D4B}"
EndProject
Global
	GlobalSection(SolutionConfigurationPlatforms) = preSolution
		Debug|Any CPU = Debug|Any CPU
		Release|Any CPU = Release|Any CPU
	EndGlobalSection
	GlobalSection(ProjectConfigurationPlatforms) = postSolution
		{30A15A30-21D6-4742-B88B-1E54B31C963F}.Debug|Any CPU.ActiveCfg = Debug|Any CPU
		{30A15A30-21D6-4742-B88B-1E54B31C963F}.Debug|Any CPU.Build.0 = Debug|Any CPU
		{30A15A30-21D6-4742-B88B-1E54B31C963F}.Release|Any CPU.ActiveCfg = Release|Any CPU
		{30A15A30-21D6-4742-B88B-1E54B31C963F}.Release|Any CPU.Build.0 = Release|Any CPU
		{BB7D15A1-BE46-4B55-B3DC-68A978AF15A1}.Debug|Any CPU.ActiveCfg = Debug|Any CPU
		{BB7D15A1-BE46-4B55-B3DC-68A978AF15A1}.Debug|Any CPU.Build.0 = Debug|Any CPU
		{BB7D15A1-BE46-4B55-B3DC-68A978AF15A1}.Release|Any CPU.ActiveCfg = Release|Any CPU
		{BB7D15A1-BE46-4B55-B3DC-68A978AF15A1}.Release|Any CPU.Build.0 = Release|Any CPU
		{090100EA-921F-4A90-A556-D7D1D120AD3F}.Debug|Any CPU.ActiveCfg = Debug|Any CPU
		{090100EA-921F-4A90-A556-D7D1D120AD3F}.Debug|Any CPU.Build.0 = Debug|Any CPU
		{090100EA-921F-4A90-A556-D7D1D120AD3F}.Release|Any CPU.ActiveCfg = Release|Any CPU
		{090100EA-921F-4A90-A556-D7D1D120AD3F}.Release|Any CPU.Build.0 = Release|Any CPU
		{DB2268CF-2EC4-4F91-9034-B35B751F147C}.Debug|Any CPU.ActiveCfg = Debug|Any CPU
		{DB2268CF-2EC4-4F91-9034-B35B751F147C}.Debug|Any CPU.Build.0 = Debug|Any CPU
		{DB2268CF-2EC4-4F91-9034-B35B751F147C}.Release|Any CPU.ActiveCfg = Release|Any CPU
		{DB2268CF-2EC4-4F91-9034-B35B751F147C}.Release|Any CPU.Build.0 = Release|Any CPU
		{1946E87C-6F71-49D9-B37C-4FE255FDE255}.Debug|Any CPU.ActiveCfg = Debug|Any CPU
		{1946E87C-6F71-49D9-B37C-4FE255FDE255}.Debug|Any CPU.Build.0 = Debug|Any CPU
		{1946E87C-6F71-49D9-B37C-4FE255FDE255}.Release|Any CPU.ActiveCfg = Release|Any CPU
		{1946E87C-6F71-49D9-B37C-4FE255FDE255}.Release|Any CPU.Build.0 = Release|Any CPU
		{C57A27D9-247C-4F55-811E-9342036D2D65}.Debug|Any CPU.ActiveCfg = Debug|Any CPU
		{C57A27D9-247C-4F55-811E-9342036D2D65}.Debug|Any CPU.Build.0 = Debug|Any CPU
		{C57A27D9-247C-4F55-811E-9342036D2D65}.Release|Any CPU.ActiveCfg = Release|Any CPU
		{C57A27D9-247C-4F55-811E-9342036D2D65}.Release|Any CPU.Build.0 = Release|Any CPU
		{E6704A4D-97C5-484D-8260-830729024711}.Debug|Any CPU.ActiveCfg = Debug|Any CPU
		{E6704A4D-97C5-484D-8260-830729024711}.Debug|Any CPU.Build.0 = Debug|Any CPU
		{E6704A4D-97C5-484D-8260-830729024711}.Release|Any CPU.ActiveCfg = Release|Any CPU
		{E6704A4D-97C5-484D-8260-830729024711}.Release|Any CPU.Build.0 = Release|Any CPU
		{24FD8B82-6C8D-4F7E-A31E-343EDC68C889}.Debug|Any CPU.ActiveCfg = Debug|Any CPU
		{24FD8B82-6C8D-4F7E-A31E-343EDC68C889}.Debug|Any CPU.Build.0 = Debug|Any CPU
		{24FD8B82-6C8D-4F7E-A31E-343EDC68C889}.Release|Any CPU.ActiveCfg = Release|Any CPU
		{24FD8B82-6C8D-4F7E-A31E-343EDC68C889}.Release|Any CPU.Build.0 = Release|Any CPU
		{53A260B4-BE3A-49DA-92BE-195089E7045B}.Debug|Any CPU.ActiveCfg = Debug|Any CPU
		{53A260B4-BE3A-49DA-92BE-195089E7045B}.Debug|Any CPU.Build.0 = Debug|Any CPU
		{53A260B4-BE3A-49DA-92BE-195089E7045B}.Release|Any CPU.ActiveCfg = Release|Any CPU
		{53A260B4-BE3A-49DA-92BE-195089E7045B}.Release|Any CPU.Build.0 = Release|Any CPU
		{18C8F362-CF6B-45E3-B7C5-183989C1C145}.Debug|Any CPU.ActiveCfg = Debug|Any CPU
		{18C8F362-CF6B-45E3-B7C5-183989C1C145}.Debug|Any CPU.Build.0 = Debug|Any CPU
		{18C8F362-CF6B-45E3-B7C5-183989C1C145}.Release|Any CPU.ActiveCfg = Release|Any CPU
		{18C8F362-CF6B-45E3-B7C5-183989C1C145}.Release|Any CPU.Build.0 = Release|Any CPU
		{DFF16E99-1717-4EBB-99C1-67B9B2C1BE22}.Debug|Any CPU.ActiveCfg = Debug|Any CPU
		{DFF16E99-1717-4EBB-99C1-67B9B2C1BE22}.Debug|Any CPU.Build.0 = Debug|Any CPU
		{DFF16E99-1717-4EBB-99C1-67B9B2C1BE22}.Release|Any CPU.ActiveCfg = Release|Any CPU
		{DFF16E99-1717-4EBB-99C1-67B9B2C1BE22}.Release|Any CPU.Build.0 = Release|Any CPU
		{9A37E7B1-51F1-41C8-9982-7CE791710391}.Debug|Any CPU.ActiveCfg = Debug|Any CPU
		{9A37E7B1-51F1-41C8-9982-7CE791710391}.Debug|Any CPU.Build.0 = Debug|Any CPU
		{9A37E7B1-51F1-41C8-9982-7CE791710391}.Release|Any CPU.ActiveCfg = Release|Any CPU
		{9A37E7B1-51F1-41C8-9982-7CE791710391}.Release|Any CPU.Build.0 = Release|Any CPU
		{26A395A7-0E2A-499F-BB9F-D139D2206C50}.Debug|Any CPU.ActiveCfg = Debug|Any CPU
		{26A395A7-0E2A-499F-BB9F-D139D2206C50}.Debug|Any CPU.Build.0 = Debug|Any CPU
		{26A395A7-0E2A-499F-BB9F-D139D2206C50}.Release|Any CPU.ActiveCfg = Release|Any CPU
		{26A395A7-0E2A-499F-BB9F-D139D2206C50}.Release|Any CPU.Build.0 = Release|Any CPU
		{46A5EA3F-8AA8-4380-B5FE-65E878DF5CAD}.Debug|Any CPU.ActiveCfg = Debug|Any CPU
		{46A5EA3F-8AA8-4380-B5FE-65E878DF5CAD}.Debug|Any CPU.Build.0 = Debug|Any CPU
		{46A5EA3F-8AA8-4380-B5FE-65E878DF5CAD}.Release|Any CPU.ActiveCfg = Release|Any CPU
		{46A5EA3F-8AA8-4380-B5FE-65E878DF5CAD}.Release|Any CPU.Build.0 = Release|Any CPU
		{3851C677-A4BD-4993-9A60-460B110C530F}.Debug|Any CPU.ActiveCfg = Debug|Any CPU
		{3851C677-A4BD-4993-9A60-460B110C530F}.Debug|Any CPU.Build.0 = Debug|Any CPU
		{3851C677-A4BD-4993-9A60-460B110C530F}.Release|Any CPU.ActiveCfg = Release|Any CPU
		{3851C677-A4BD-4993-9A60-460B110C530F}.Release|Any CPU.Build.0 = Release|Any CPU
		{CCED1145-363C-445C-A02A-373E963A6D4B}.Debug|Any CPU.ActiveCfg = Debug|Any CPU
		{CCED1145-363C-445C-A02A-373E963A6D4B}.Debug|Any CPU.Build.0 = Debug|Any CPU
		{CCED1145-363C-445C-A02A-373E963A6D4B}.Release|Any CPU.ActiveCfg = Release|Any CPU
		{CCED1145-363C-445C-A02A-373E963A6D4B}.Release|Any CPU.Build.0 = Release|Any CPU
	EndGlobalSection
	GlobalSection(SolutionProperties) = preSolution
		HideSolutionNode = FALSE
	EndGlobalSection
	GlobalSection(NestedProjects) = preSolution
		{70C9A627-6682-4DFD-8FB0-10A0078093BF} = {13226F79-8C6D-4546-8CB5-BFC0785CD8CE}
		{38B8C88D-86C3-4CC5-A367-846AC42C57D2} = {13226F79-8C6D-4546-8CB5-BFC0785CD8CE}
		{30A15A30-21D6-4742-B88B-1E54B31C963F} = {70C9A627-6682-4DFD-8FB0-10A0078093BF}
		{BB7D15A1-BE46-4B55-B3DC-68A978AF15A1} = {70C9A627-6682-4DFD-8FB0-10A0078093BF}
		{DC9812A2-4F3F-40B5-9A6E-0033EA4BE2F3} = {02D8A083-85AF-45CC-A8EA-50FB7AD66521}
		{090100EA-921F-4A90-A556-D7D1D120AD3F} = {DC9812A2-4F3F-40B5-9A6E-0033EA4BE2F3}
		{DB2268CF-2EC4-4F91-9034-B35B751F147C} = {38B8C88D-86C3-4CC5-A367-846AC42C57D2}
		{C3FC2431-1C98-44F0-AC4B-7576833810BB} = {13226F79-8C6D-4546-8CB5-BFC0785CD8CE}
		{1946E87C-6F71-49D9-B37C-4FE255FDE255} = {C3FC2431-1C98-44F0-AC4B-7576833810BB}
		{C57A27D9-247C-4F55-811E-9342036D2D65} = {38B8C88D-86C3-4CC5-A367-846AC42C57D2}
		{E6704A4D-97C5-484D-8260-830729024711} = {38B8C88D-86C3-4CC5-A367-846AC42C57D2}
		{24FD8B82-6C8D-4F7E-A31E-343EDC68C889} = {38B8C88D-86C3-4CC5-A367-846AC42C57D2}
		{53A260B4-BE3A-49DA-92BE-195089E7045B} = {865ED72C-F077-41DF-98B9-8DDAD594945E}
		{18C8F362-CF6B-45E3-B7C5-183989C1C145} = {38B8C88D-86C3-4CC5-A367-846AC42C57D2}
		{DFF16E99-1717-4EBB-99C1-67B9B2C1BE22} = {38B8C88D-86C3-4CC5-A367-846AC42C57D2}
		{9A37E7B1-51F1-41C8-9982-7CE791710391} = {865ED72C-F077-41DF-98B9-8DDAD594945E}
		{26A395A7-0E2A-499F-BB9F-D139D2206C50} = {C3FC2431-1C98-44F0-AC4B-7576833810BB}
		{46A5EA3F-8AA8-4380-B5FE-65E878DF5CAD} = {C3FC2431-1C98-44F0-AC4B-7576833810BB}
		{3851C677-A4BD-4993-9A60-460B110C530F} = {70C9A627-6682-4DFD-8FB0-10A0078093BF}
		{CCED1145-363C-445C-A02A-373E963A6D4B} = {70C9A627-6682-4DFD-8FB0-10A0078093BF}
	EndGlobalSection
	GlobalSection(ExtensibilityGlobals) = postSolution
		SolutionGuid = {941CD08F-96D3-4CE7-AAEE-93B18B1597E2}
	EndGlobalSection
EndGlobal
